
Microsoft Visual Studio Solution File, Format Version 12.00
Project("{2150E333-8FDC-42A3-9474-1A3956D46DE8}") = "Backend", "Backend", "{30AFF599-BD1E-45F6-AC56-9E968E0560E1}"
EndProject
Project("{2150E333-8FDC-42A3-9474-1A3956D46DE8}") = "Frontend", "Frontend", "{1837A844-8DB7-492F-B705-05A321F0F2A7}"
EndProject
Project("{FAE04EC0-301F-11D3-BF4B-00C04F79EFBC}") = "HabitFlow.Api", "HabitFlow.Api\HabitFlow.Api.csproj", "{B9802802-8BEA-4B81-A8EE-AEFAB39B6B4F}"
EndProject
Project("{FAE04EC0-301F-11D3-BF4B-00C04F79EFBC}") = "HabitFlow.Blazor", "HabitFlow.Blazor\HabitFlow.Blazor.csproj", "{3AFEFD2D-3E44-4826-BB77-B49AE0E966B4}"
EndProject
Project("{FAE04EC0-301F-11D3-BF4B-00C04F79EFBC}") = "HabitFlow.Data", "HabitFlow.Data\HabitFlow.Data.csproj", "{6096538A-7A73-4035-A5BB-6D8B3F4F0244}"
EndProject
Project("{FAE04EC0-301F-11D3-BF4B-00C04F79EFBC}") = "HabitFlow.Core", "HabitFlow.Core\HabitFlow.Core.csproj", "{F71F9947-570C-4D1E-90FD-80651383698D}"
EndProject
Project("{FAE04EC0-301F-11D3-BF4B-00C04F79EFBC}") = "HabitFlow.Tests", "HabitFlow.Tests\HabitFlow.Tests.csproj", "{1D43ECCB-4C23-4C79-A213-94E7BB58342D}"
EndProject
Global
	GlobalSection(SolutionConfigurationPlatforms) = preSolution
		Debug|Any CPU = Debug|Any CPU
		Release|Any CPU = Release|Any CPU
	EndGlobalSection
	GlobalSection(NestedProjects) = preSolution
		{B9802802-8BEA-4B81-A8EE-AEFAB39B6B4F} = {30AFF599-BD1E-45F6-AC56-9E968E0560E1}
		{3AFEFD2D-3E44-4826-BB77-B49AE0E966B4} = {1837A844-8DB7-492F-B705-05A321F0F2A7}
		{6096538A-7A73-4035-A5BB-6D8B3F4F0244} = {30AFF599-BD1E-45F6-AC56-9E968E0560E1}
		{F71F9947-570C-4D1E-90FD-80651383698D} = {30AFF599-BD1E-45F6-AC56-9E968E0560E1}
		{1D43ECCB-4C23-4C79-A213-94E7BB58342D} = {30AFF599-BD1E-45F6-AC56-9E968E0560E1}
	EndGlobalSection
	GlobalSection(ProjectConfigurationPlatforms) = postSolution
		{B9802802-8BEA-4B81-A8EE-AEFAB39B6B4F}.Debug|Any CPU.ActiveCfg = Debug|Any CPU
		{B9802802-8BEA-4B81-A8EE-AEFAB39B6B4F}.Debug|Any CPU.Build.0 = Debug|Any CPU
		{B9802802-8BEA-4B81-A8EE-AEFAB39B6B4F}.Release|Any CPU.ActiveCfg = Release|Any CPU
		{B9802802-8BEA-4B81-A8EE-AEFAB39B6B4F}.Release|Any CPU.Build.0 = Release|Any CPU
		{3AFEFD2D-3E44-4826-BB77-B49AE0E966B4}.Debug|Any CPU.ActiveCfg = Debug|Any CPU
		{3AFEFD2D-3E44-4826-BB77-B49AE0E966B4}.Debug|Any CPU.Build.0 = Debug|Any CPU
		{3AFEFD2D-3E44-4826-BB77-B49AE0E966B4}.Release|Any CPU.ActiveCfg = Release|Any CPU
		{3AFEFD2D-3E44-4826-BB77-B49AE0E966B4}.Release|Any CPU.Build.0 = Release|Any CPU
		{6096538A-7A73-4035-A5BB-6D8B3F4F0244}.Debug|Any CPU.ActiveCfg = Debug|Any CPU
		{6096538A-7A73-4035-A5BB-6D8B3F4F0244}.Debug|Any CPU.Build.0 = Debug|Any CPU
		{6096538A-7A73-4035-A5BB-6D8B3F4F0244}.Release|Any CPU.ActiveCfg = Release|Any CPU
		{6096538A-7A73-4035-A5BB-6D8B3F4F0244}.Release|Any CPU.Build.0 = Release|Any CPU
		{F71F9947-570C-4D1E-90FD-80651383698D}.Debug|Any CPU.ActiveCfg = Debug|Any CPU
		{F71F9947-570C-4D1E-90FD-80651383698D}.Debug|Any CPU.Build.0 = Debug|Any CPU
		{F71F9947-570C-4D1E-90FD-80651383698D}.Release|Any CPU.ActiveCfg = Release|Any CPU
		{F71F9947-570C-4D1E-90FD-80651383698D}.Release|Any CPU.Build.0 = Release|Any CPU
		{1D43ECCB-4C23-4C79-A213-94E7BB58342D}.Debug|Any CPU.ActiveCfg = Debug|Any CPU
		{1D43ECCB-4C23-4C79-A213-94E7BB58342D}.Debug|Any CPU.Build.0 = Debug|Any CPU
		{1D43ECCB-4C23-4C79-A213-94E7BB58342D}.Release|Any CPU.ActiveCfg = Release|Any CPU
		{1D43ECCB-4C23-4C79-A213-94E7BB58342D}.Release|Any CPU.Build.0 = Release|Any CPU
	EndGlobalSection
EndGlobal
